
Microsoft Visual Studio Solution File, Format Version 12.00
# Visual Studio Version 17
VisualStudioVersion = 17.14.36429.23
MinimumVisualStudioVersion = 10.0.40219.1
Project("{2150E333-8FDC-42A3-9474-1A3956D46DE8}") = "Task0", "Task0", "{02EA681E-C7D8-13C7-8484-4AC65E1B71E8}"
EndProject
Project("{FAE04EC0-301F-11D3-BF4B-00C04F79EFBC}") = "Tyuiu.VariiMN.Sprint6.Task0.V9.Test", "Tyuiu.VariiMN.Sprint6.Task0.V9.Test\Tyuiu.VariiMN.Sprint6.Task0.V9.Test.csproj", "{DEB8B654-9FFF-423D-8586-81599114B6FC}"
EndProject
Project("{FAE04EC0-301F-11D3-BF4B-00C04F79EFBC}") = "Tyuiu.VariiMN.Sprint6.Task0.V9.Lib", "Tyuiu.VariiMN.Sprint6.Task0.V9.Lib\Tyuiu.VariiMN.Sprint6.Task0.V9.Lib.csproj", "{2068D87F-2CB5-4B55-B879-B12835399BF2}"
EndProject
Project("{FAE04EC0-301F-11D3-BF4B-00C04F79EFBC}") = "Tyuiu.VariiMN.Sprint6.Task0.V9", "Tyuiu.VariiMN.Sprint6.Task0.V9\Tyuiu.VariiMN.Sprint6.Task0.V9.csproj", "{C51C3E46-B800-4FC6-8862-7806113F2A42}"
EndProject
Project("{2150E333-8FDC-42A3-9474-1A3956D46DE8}") = "Task1", "Task1", "{8270C0BE-10B5-41F8-A67D-F3A782BA2878}"
EndProject
Project("{FAE04EC0-301F-11D3-BF4B-00C04F79EFBC}") = "Tyuiu.VariiMN.Sprint6.Task1.V10.Lib", "Tyuiu.VariiMN.Sprint6.Task1.V10.Lib\Tyuiu.VariiMN.Sprint6.Task1.V10.Lib.csproj", "{559AF854-325F-4833-BDB1-6EB24F58DABB}"
EndProject
Project("{FAE04EC0-301F-11D3-BF4B-00C04F79EFBC}") = "Tyuiu.VariiMN.Sprint6.Task1.V10", "Tyuiu.VariiMN.Sprint6.Task1.V10\Tyuiu.VariiMN.Sprint6.Task1.V10.csproj", "{E4AE7ECD-AC19-4189-943E-49734C1C1BFC}"
EndProject
Project("{FAE04EC0-301F-11D3-BF4B-00C04F79EFBC}") = "Tyuiu.VariiMN.Sprint6.Task1.V10.Test", "Tyuiu.VariiMN.Sprint6.Task1.V10.Test\Tyuiu.VariiMN.Sprint6.Task1.V10.Test.csproj", "{1A2C4A89-2D8C-47B4-8893-8BD11B45435B}"
EndProject
Project("{2150E333-8FDC-42A3-9474-1A3956D46DE8}") = "Task2", "Task2", "{79563883-AE72-4320-9BC3-56899A4742BB}"
EndProject
Project("{FAE04EC0-301F-11D3-BF4B-00C04F79EFBC}") = "Tyuiu.VariiMN.Sprint6.Task2.V3.Lib", "Tyuiu.VariiMN.Sprint6.Task2.V3.Lib\Tyuiu.VariiMN.Sprint6.Task2.V3.Lib.csproj", "{253B57F2-DDA7-453A-B1CD-F1E97AA04316}"
EndProject
Project("{FAE04EC0-301F-11D3-BF4B-00C04F79EFBC}") = "Tyuiu.VariiMN.Sprint6.Task2.V3.Test", "Tyuiu.VariiMN.Sprint6.Task2.V3.Test\Tyuiu.VariiMN.Sprint6.Task2.V3.Test.csproj", "{C3493F9D-A7F3-4833-AEC7-A2108747DA1B}"
EndProject
Project("{FAE04EC0-301F-11D3-BF4B-00C04F79EFBC}") = "Tyuiu.VariiMN.Sprint6.Task2.V3", "Tyuiu.VariiMN.Sprint6.Tasl2.V3\Tyuiu.VariiMN.Sprint6.Task2.V3.csproj", "{8B54026B-09B6-4456-B66E-2FFA3A41D17E}"
EndProject
Project("{2150E333-8FDC-42A3-9474-1A3956D46DE8}") = "Task3", "Task3", "{50744892-531E-4722-B800-70EBA6EB47BD}"
EndProject
Project("{FAE04EC0-301F-11D3-BF4B-00C04F79EFBC}") = "Tyuiu.VariiMN.Sprint6.Task3.V2", "Tyuiu.VariiMN.Sprint6.Task3.V2\Tyuiu.VariiMN.Sprint6.Task3.V2.csproj", "{6B15FA9C-CF25-465C-A2ED-FB7CA5A6FC03}"
EndProject
Project("{FAE04EC0-301F-11D3-BF4B-00C04F79EFBC}") = "Tyuiu.VariiMN.Sprint6.Task3.V2.Test", "Tyuiu.VariiMN.Sprint6.Task3.V2.Test\Tyuiu.VariiMN.Sprint6.Task3.V2.Test.csproj", "{8A3B2092-12C3-4AAB-B29A-93096A46C032}"
EndProject
Project("{FAE04EC0-301F-11D3-BF4B-00C04F79EFBC}") = "Tyuiu.VariiMN.Sprint6.Task3.V2.Lib", "Tyuiu.VariiMN.Sprint6.Task3.V2.Lib\Tyuiu.VariiMN.Sprint6.Task3.V2.Lib.csproj", "{48BEC77B-7761-4FB1-AF28-24B931CCCFC5}"
EndProject
Project("{2150E333-8FDC-42A3-9474-1A3956D46DE8}") = "Task4", "Task4", "{17943C88-685A-450E-96AF-476A9FD64EB3}"
EndProject
Project("{FAE04EC0-301F-11D3-BF4B-00C04F79EFBC}") = "Tyuiu.VariiMN.Sprint6.Task4.V28.Lib", "Tyuiu.VariiMN.Sprint6.Task4.V28.Lib\Tyuiu.VariiMN.Sprint6.Task4.V28.Lib.csproj", "{41435281-7444-4A5A-B7AE-B58957D00018}"
EndProject
Project("{FAE04EC0-301F-11D3-BF4B-00C04F79EFBC}") = "Tyuiu.VariiMN.Sprint6.Task4.V28.Test", "Tyuiu.VariiMN.Sprint6.Task4.V28.Test\Tyuiu.VariiMN.Sprint6.Task4.V28.Test.csproj", "{249F7C1D-A051-4239-99C7-1B152F2DDC7C}"
EndProject
Project("{FAE04EC0-301F-11D3-BF4B-00C04F79EFBC}") = "Tyuiu.VariiMN.Sprint6.Task4.V28", "Tyuiu.VariiMN.Sprint6.Task4.V28\Tyuiu.VariiMN.Sprint6.Task4.V28.csproj", "{DC49EA53-7E28-4B52-A271-F552F71B4284}"
EndProject
Project("{2150E333-8FDC-42A3-9474-1A3956D46DE8}") = "Task5", "Task5", "{C03ED089-13C4-46EB-9787-9E546AE835DB}"
EndProject
Project("{FAE04EC0-301F-11D3-BF4B-00C04F79EFBC}") = "Tyuiu.VariiMN.Sprint6.Task5.V6", "Tyuiu.VariiMN.Sprint6.Task5.V6\Tyuiu.VariiMN.Sprint6.Task5.V6.csproj", "{F5AF48B1-2474-4409-A53E-4D0A345071CA}"
EndProject
Project("{FAE04EC0-301F-11D3-BF4B-00C04F79EFBC}") = "Tyuiu.VariiMN.Sprint6.Task5.V6.Test", "Tyuiu.VariiMN.Sprint6.Task5.V6.Test\Tyuiu.VariiMN.Sprint6.Task5.V6.Test.csproj", "{D21EAFBE-3E38-4ADE-B718-064844790BFC}"
EndProject
Project("{FAE04EC0-301F-11D3-BF4B-00C04F79EFBC}") = "Tyuiu.VariiMN.Sprint6.Task5.V6.Lib", "Tyuiu.VariiMN.Sprint6.Task5.V6.Lib\Tyuiu.VariiMN.Sprint6.Task5.V6.Lib.csproj", "{EF97EA83-4229-4E4D-B929-91C2990A4140}"
EndProject
Project("{2150E333-8FDC-42A3-9474-1A3956D46DE8}") = "Task6", "Task6", "{31D943D4-68A0-436A-9AAA-0224289C5BD5}"
EndProject
Project("{FAE04EC0-301F-11D3-BF4B-00C04F79EFBC}") = "Tyuiu.VariiMN.Sprint6.Task6.V11.Lib", "Tyuiu.VariiMN.Sprint6.Task6.V11.Lib\Tyuiu.VariiMN.Sprint6.Task6.V11.Lib.csproj", "{15073A6E-BF2F-4D6F-B4CE-8663644535F5}"
EndProject
Project("{FAE04EC0-301F-11D3-BF4B-00C04F79EFBC}") = "Tyuiu.VariiMN.Sprint6.Task6.V11.Test", "Tyuiu.VariiMN.Sprint6.Task6.V11.Test\Tyuiu.VariiMN.Sprint6.Task6.V11.Test.csproj", "{1C00F94D-A23D-455C-92BD-4E04DFC791D4}"
EndProject
Project("{FAE04EC0-301F-11D3-BF4B-00C04F79EFBC}") = "Tyuiu.VariiMN.Sprint6.Task6.V11", "Tyuiu.VariiMN.Sprint6.Task6.V11\Tyuiu.VariiMN.Sprint6.Task6.V11.csproj", "{54E90641-390A-46A9-875F-70EBFAB0F3B4}"
EndProject
Project("{2150E333-8FDC-42A3-9474-1A3956D46DE8}") = "Task7", "Task7", "{F9A29DC5-74C5-45B1-A2F7-1EE431401DBB}"
EndProject
Project("{FAE04EC0-301F-11D3-BF4B-00C04F79EFBC}") = "Tyuiu.VariiMN.Sprint6.Task7.V23.Lib", "Tyuiu.VariiMN.Sprint6.Task7.V23.Lib\Tyuiu.VariiMN.Sprint6.Task7.V23.Lib.csproj", "{6B24F759-ED18-4481-BBDB-D6473F83C9FF}"
EndProject
Project("{FAE04EC0-301F-11D3-BF4B-00C04F79EFBC}") = "Tyuiu.VariiMN.Sprint6.Task7.V23", "Tyuiu.VariiMN.Sprint6.Task7.V23\Tyuiu.VariiMN.Sprint6.Task7.V23.csproj", "{01B6903E-4B28-4A0D-9F38-5A706FC4189B}"
EndProject
Project("{FAE04EC0-301F-11D3-BF4B-00C04F79EFBC}") = "Tyuiu.VariiMN.Sprint6.Task7.V23.Test", "Tyuiu.VariiMN.Sprint6.Task7.V23.Test\Tyuiu.VariiMN.Sprint6.Task7.V23.Test.csproj", "{A1B76C27-E67D-4491-ADF1-7FFFCFAFC599}"
EndProject
Global
	GlobalSection(SolutionConfigurationPlatforms) = preSolution
		Debug|Any CPU = Debug|Any CPU
		Release|Any CPU = Release|Any CPU
	EndGlobalSection
	GlobalSection(ProjectConfigurationPlatforms) = postSolution
		{DEB8B654-9FFF-423D-8586-81599114B6FC}.Debug|Any CPU.ActiveCfg = Debug|Any CPU
		{DEB8B654-9FFF-423D-8586-81599114B6FC}.Debug|Any CPU.Build.0 = Debug|Any CPU
		{DEB8B654-9FFF-423D-8586-81599114B6FC}.Release|Any CPU.ActiveCfg = Release|Any CPU
		{DEB8B654-9FFF-423D-8586-81599114B6FC}.Release|Any CPU.Build.0 = Release|Any CPU
		{2068D87F-2CB5-4B55-B879-B12835399BF2}.Debug|Any CPU.ActiveCfg = Debug|Any CPU
		{2068D87F-2CB5-4B55-B879-B12835399BF2}.Debug|Any CPU.Build.0 = Debug|Any CPU
		{2068D87F-2CB5-4B55-B879-B12835399BF2}.Release|Any CPU.ActiveCfg = Release|Any CPU
		{2068D87F-2CB5-4B55-B879-B12835399BF2}.Release|Any CPU.Build.0 = Release|Any CPU
		{C51C3E46-B800-4FC6-8862-7806113F2A42}.Debug|Any CPU.ActiveCfg = Debug|Any CPU
		{C51C3E46-B800-4FC6-8862-7806113F2A42}.Debug|Any CPU.Build.0 = Debug|Any CPU
		{C51C3E46-B800-4FC6-8862-7806113F2A42}.Release|Any CPU.ActiveCfg = Release|Any CPU
		{C51C3E46-B800-4FC6-8862-7806113F2A42}.Release|Any CPU.Build.0 = Release|Any CPU
		{559AF854-325F-4833-BDB1-6EB24F58DABB}.Debug|Any CPU.ActiveCfg = Debug|Any CPU
		{559AF854-325F-4833-BDB1-6EB24F58DABB}.Debug|Any CPU.Build.0 = Debug|Any CPU
		{559AF854-325F-4833-BDB1-6EB24F58DABB}.Release|Any CPU.ActiveCfg = Release|Any CPU
		{559AF854-325F-4833-BDB1-6EB24F58DABB}.Release|Any CPU.Build.0 = Release|Any CPU
		{E4AE7ECD-AC19-4189-943E-49734C1C1BFC}.Debug|Any CPU.ActiveCfg = Debug|Any CPU
		{E4AE7ECD-AC19-4189-943E-49734C1C1BFC}.Debug|Any CPU.Build.0 = Debug|Any CPU
		{E4AE7ECD-AC19-4189-943E-49734C1C1BFC}.Release|Any CPU.ActiveCfg = Release|Any CPU
		{E4AE7ECD-AC19-4189-943E-49734C1C1BFC}.Release|Any CPU.Build.0 = Release|Any CPU
		{1A2C4A89-2D8C-47B4-8893-8BD11B45435B}.Debug|Any CPU.ActiveCfg = Debug|Any CPU
		{1A2C4A89-2D8C-47B4-8893-8BD11B45435B}.Debug|Any CPU.Build.0 = Debug|Any CPU
		{1A2C4A89-2D8C-47B4-8893-8BD11B45435B}.Release|Any CPU.ActiveCfg = Release|Any CPU
		{1A2C4A89-2D8C-47B4-8893-8BD11B45435B}.Release|Any CPU.Build.0 = Release|Any CPU
		{253B57F2-DDA7-453A-B1CD-F1E97AA04316}.Debug|Any CPU.ActiveCfg = Debug|Any CPU
		{253B57F2-DDA7-453A-B1CD-F1E97AA04316}.Debug|Any CPU.Build.0 = Debug|Any CPU
		{253B57F2-DDA7-453A-B1CD-F1E97AA04316}.Release|Any CPU.ActiveCfg = Release|Any CPU
		{253B57F2-DDA7-453A-B1CD-F1E97AA04316}.Release|Any CPU.Build.0 = Release|Any CPU
		{C3493F9D-A7F3-4833-AEC7-A2108747DA1B}.Debug|Any CPU.ActiveCfg = Debug|Any CPU
		{C3493F9D-A7F3-4833-AEC7-A2108747DA1B}.Debug|Any CPU.Build.0 = Debug|Any CPU
		{C3493F9D-A7F3-4833-AEC7-A2108747DA1B}.Release|Any CPU.ActiveCfg = Release|Any CPU
		{C3493F9D-A7F3-4833-AEC7-A2108747DA1B}.Release|Any CPU.Build.0 = Release|Any CPU
		{8B54026B-09B6-4456-B66E-2FFA3A41D17E}.Debug|Any CPU.ActiveCfg = Debug|Any CPU
		{8B54026B-09B6-4456-B66E-2FFA3A41D17E}.Debug|Any CPU.Build.0 = Debug|Any CPU
		{8B54026B-09B6-4456-B66E-2FFA3A41D17E}.Release|Any CPU.ActiveCfg = Release|Any CPU
		{8B54026B-09B6-4456-B66E-2FFA3A41D17E}.Release|Any CPU.Build.0 = Release|Any CPU
		{6B15FA9C-CF25-465C-A2ED-FB7CA5A6FC03}.Debug|Any CPU.ActiveCfg = Debug|Any CPU
		{6B15FA9C-CF25-465C-A2ED-FB7CA5A6FC03}.Debug|Any CPU.Build.0 = Debug|Any CPU
		{6B15FA9C-CF25-465C-A2ED-FB7CA5A6FC03}.Release|Any CPU.ActiveCfg = Release|Any CPU
		{6B15FA9C-CF25-465C-A2ED-FB7CA5A6FC03}.Release|Any CPU.Build.0 = Release|Any CPU
		{8A3B2092-12C3-4AAB-B29A-93096A46C032}.Debug|Any CPU.ActiveCfg = Debug|Any CPU
		{8A3B2092-12C3-4AAB-B29A-93096A46C032}.Debug|Any CPU.Build.0 = Debug|Any CPU
		{8A3B2092-12C3-4AAB-B29A-93096A46C032}.Release|Any CPU.ActiveCfg = Release|Any CPU
		{8A3B2092-12C3-4AAB-B29A-93096A46C032}.Release|Any CPU.Build.0 = Release|Any CPU
		{48BEC77B-7761-4FB1-AF28-24B931CCCFC5}.Debug|Any CPU.ActiveCfg = Debug|Any CPU
		{48BEC77B-7761-4FB1-AF28-24B931CCCFC5}.Debug|Any CPU.Build.0 = Debug|Any CPU
		{48BEC77B-7761-4FB1-AF28-24B931CCCFC5}.Release|Any CPU.ActiveCfg = Release|Any CPU
		{48BEC77B-7761-4FB1-AF28-24B931CCCFC5}.Release|Any CPU.Build.0 = Release|Any CPU
		{41435281-7444-4A5A-B7AE-B58957D00018}.Debug|Any CPU.ActiveCfg = Debug|Any CPU
		{41435281-7444-4A5A-B7AE-B58957D00018}.Debug|Any CPU.Build.0 = Debug|Any CPU
		{41435281-7444-4A5A-B7AE-B58957D00018}.Release|Any CPU.ActiveCfg = Release|Any CPU
		{41435281-7444-4A5A-B7AE-B58957D00018}.Release|Any CPU.Build.0 = Release|Any CPU
		{249F7C1D-A051-4239-99C7-1B152F2DDC7C}.Debug|Any CPU.ActiveCfg = Debug|Any CPU
		{249F7C1D-A051-4239-99C7-1B152F2DDC7C}.Debug|Any CPU.Build.0 = Debug|Any CPU
		{249F7C1D-A051-4239-99C7-1B152F2DDC7C}.Release|Any CPU.ActiveCfg = Release|Any CPU
		{249F7C1D-A051-4239-99C7-1B152F2DDC7C}.Release|Any CPU.Build.0 = Release|Any CPU
		{DC49EA53-7E28-4B52-A271-F552F71B4284}.Debug|Any CPU.ActiveCfg = Debug|Any CPU
		{DC49EA53-7E28-4B52-A271-F552F71B4284}.Debug|Any CPU.Build.0 = Debug|Any CPU
		{DC49EA53-7E28-4B52-A271-F552F71B4284}.Release|Any CPU.ActiveCfg = Release|Any CPU
		{DC49EA53-7E28-4B52-A271-F552F71B4284}.Release|Any CPU.Build.0 = Release|Any CPU
		{F5AF48B1-2474-4409-A53E-4D0A345071CA}.Debug|Any CPU.ActiveCfg = Debug|Any CPU
		{F5AF48B1-2474-4409-A53E-4D0A345071CA}.Debug|Any CPU.Build.0 = Debug|Any CPU
		{F5AF48B1-2474-4409-A53E-4D0A345071CA}.Release|Any CPU.ActiveCfg = Release|Any CPU
		{F5AF48B1-2474-4409-A53E-4D0A345071CA}.Release|Any CPU.Build.0 = Release|Any CPU
		{D21EAFBE-3E38-4ADE-B718-064844790BFC}.Debug|Any CPU.ActiveCfg = Debug|Any CPU
		{D21EAFBE-3E38-4ADE-B718-064844790BFC}.Debug|Any CPU.Build.0 = Debug|Any CPU
		{D21EAFBE-3E38-4ADE-B718-064844790BFC}.Release|Any CPU.ActiveCfg = Release|Any CPU
		{D21EAFBE-3E38-4ADE-B718-064844790BFC}.Release|Any CPU.Build.0 = Release|Any CPU
		{EF97EA83-4229-4E4D-B929-91C2990A4140}.Debug|Any CPU.ActiveCfg = Debug|Any CPU
		{EF97EA83-4229-4E4D-B929-91C2990A4140}.Debug|Any CPU.Build.0 = Debug|Any CPU
		{EF97EA83-4229-4E4D-B929-91C2990A4140}.Release|Any CPU.ActiveCfg = Release|Any CPU
		{EF97EA83-4229-4E4D-B929-91C2990A4140}.Release|Any CPU.Build.0 = Release|Any CPU
		{15073A6E-BF2F-4D6F-B4CE-8663644535F5}.Debug|Any CPU.ActiveCfg = Debug|Any CPU
		{15073A6E-BF2F-4D6F-B4CE-8663644535F5}.Debug|Any CPU.Build.0 = Debug|Any CPU
		{15073A6E-BF2F-4D6F-B4CE-8663644535F5}.Release|Any CPU.ActiveCfg = Release|Any CPU
		{15073A6E-BF2F-4D6F-B4CE-8663644535F5}.Release|Any CPU.Build.0 = Release|Any CPU
		{1C00F94D-A23D-455C-92BD-4E04DFC791D4}.Debug|Any CPU.ActiveCfg = Debug|Any CPU
		{1C00F94D-A23D-455C-92BD-4E04DFC791D4}.Debug|Any CPU.Build.0 = Debug|Any CPU
		{1C00F94D-A23D-455C-92BD-4E04DFC791D4}.Release|Any CPU.ActiveCfg = Release|Any CPU
		{1C00F94D-A23D-455C-92BD-4E04DFC791D4}.Release|Any CPU.Build.0 = Release|Any CPU
		{54E90641-390A-46A9-875F-70EBFAB0F3B4}.Debug|Any CPU.ActiveCfg = Debug|Any CPU
		{54E90641-390A-46A9-875F-70EBFAB0F3B4}.Debug|Any CPU.Build.0 = Debug|Any CPU
		{54E90641-390A-46A9-875F-70EBFAB0F3B4}.Release|Any CPU.ActiveCfg = Release|Any CPU
		{54E90641-390A-46A9-875F-70EBFAB0F3B4}.Release|Any CPU.Build.0 = Release|Any CPU
		{6B24F759-ED18-4481-BBDB-D6473F83C9FF}.Debug|Any CPU.ActiveCfg = Debug|Any CPU
		{6B24F759-ED18-4481-BBDB-D6473F83C9FF}.Debug|Any CPU.Build.0 = Debug|Any CPU
		{6B24F759-ED18-4481-BBDB-D6473F83C9FF}.Release|Any CPU.ActiveCfg = Release|Any CPU
		{6B24F759-ED18-4481-BBDB-D6473F83C9FF}.Release|Any CPU.Build.0 = Release|Any CPU
		{01B6903E-4B28-4A0D-9F38-5A706FC4189B}.Debug|Any CPU.ActiveCfg = Debug|Any CPU
		{01B6903E-4B28-4A0D-9F38-5A706FC4189B}.Debug|Any CPU.Build.0 = Debug|Any CPU
		{01B6903E-4B28-4A0D-9F38-5A706FC4189B}.Release|Any CPU.ActiveCfg = Release|Any CPU
		{01B6903E-4B28-4A0D-9F38-5A706FC4189B}.Release|Any CPU.Build.0 = Release|Any CPU
		{A1B76C27-E67D-4491-ADF1-7FFFCFAFC599}.Debug|Any CPU.ActiveCfg = Debug|Any CPU
		{A1B76C27-E67D-4491-ADF1-7FFFCFAFC599}.Debug|Any CPU.Build.0 = Debug|Any CPU
		{A1B76C27-E67D-4491-ADF1-7FFFCFAFC599}.Release|Any CPU.ActiveCfg = Release|Any CPU
		{A1B76C27-E67D-4491-ADF1-7FFFCFAFC599}.Release|Any CPU.Build.0 = Release|Any CPU
	EndGlobalSection
	GlobalSection(SolutionProperties) = preSolution
		HideSolutionNode = FALSE
	EndGlobalSection
	GlobalSection(NestedProjects) = preSolution
		{DEB8B654-9FFF-423D-8586-81599114B6FC} = {02EA681E-C7D8-13C7-8484-4AC65E1B71E8}
		{2068D87F-2CB5-4B55-B879-B12835399BF2} = {02EA681E-C7D8-13C7-8484-4AC65E1B71E8}
		{C51C3E46-B800-4FC6-8862-7806113F2A42} = {02EA681E-C7D8-13C7-8484-4AC65E1B71E8}
		{559AF854-325F-4833-BDB1-6EB24F58DABB} = {8270C0BE-10B5-41F8-A67D-F3A782BA2878}
		{E4AE7ECD-AC19-4189-943E-49734C1C1BFC} = {8270C0BE-10B5-41F8-A67D-F3A782BA2878}
		{1A2C4A89-2D8C-47B4-8893-8BD11B45435B} = {8270C0BE-10B5-41F8-A67D-F3A782BA2878}
		{253B57F2-DDA7-453A-B1CD-F1E97AA04316} = {79563883-AE72-4320-9BC3-56899A4742BB}
		{C3493F9D-A7F3-4833-AEC7-A2108747DA1B} = {79563883-AE72-4320-9BC3-56899A4742BB}
		{8B54026B-09B6-4456-B66E-2FFA3A41D17E} = {79563883-AE72-4320-9BC3-56899A4742BB}
		{6B15FA9C-CF25-465C-A2ED-FB7CA5A6FC03} = {50744892-531E-4722-B800-70EBA6EB47BD}
		{8A3B2092-12C3-4AAB-B29A-93096A46C032} = {50744892-531E-4722-B800-70EBA6EB47BD}
		{48BEC77B-7761-4FB1-AF28-24B931CCCFC5} = {50744892-531E-4722-B800-70EBA6EB47BD}
		{41435281-7444-4A5A-B7AE-B58957D00018} = {17943C88-685A-450E-96AF-476A9FD64EB3}
		{249F7C1D-A051-4239-99C7-1B152F2DDC7C} = {17943C88-685A-450E-96AF-476A9FD64EB3}
		{DC49EA53-7E28-4B52-A271-F552F71B4284} = {17943C88-685A-450E-96AF-476A9FD64EB3}
		{F5AF48B1-2474-4409-A53E-4D0A345071CA} = {C03ED089-13C4-46EB-9787-9E546AE835DB}
		{D21EAFBE-3E38-4ADE-B718-064844790BFC} = {C03ED089-13C4-46EB-9787-9E546AE835DB}
		{EF97EA83-4229-4E4D-B929-91C2990A4140} = {C03ED089-13C4-46EB-9787-9E546AE835DB}
		{15073A6E-BF2F-4D6F-B4CE-8663644535F5} = {31D943D4-68A0-436A-9AAA-0224289C5BD5}
		{1C00F94D-A23D-455C-92BD-4E04DFC791D4} = {31D943D4-68A0-436A-9AAA-0224289C5BD5}
		{54E90641-390A-46A9-875F-70EBFAB0F3B4} = {31D943D4-68A0-436A-9AAA-0224289C5BD5}
		{6B24F759-ED18-4481-BBDB-D6473F83C9FF} = {F9A29DC5-74C5-45B1-A2F7-1EE431401DBB}
		{01B6903E-4B28-4A0D-9F38-5A706FC4189B} = {F9A29DC5-74C5-45B1-A2F7-1EE431401DBB}
		{A1B76C27-E67D-4491-ADF1-7FFFCFAFC599} = {F9A29DC5-74C5-45B1-A2F7-1EE431401DBB}
	EndGlobalSection
	GlobalSection(ExtensibilityGlobals) = postSolution
		SolutionGuid = {8C08DCCD-00C9-40AD-B617-463B73F1735F}
	EndGlobalSection
EndGlobal
